{
  "version": 4,
  "terraform_version": "1.0.7",
  "serial": 49,
  "lineage": "8dc31b1d-4d7e-8828-8a53-4658a9294ccc",
  "outputs": {},
  "resources": [
    {
      "mode": "managed",
      "type": "azurerm_linux_virtual_machine",
      "name": "tflivm",
      "provider": "provider[\"registry.terraform.io/hashicorp/azurerm\"]",
      "instances": [
        {
          "schema_version": 0,
          "attributes": {
            "additional_capabilities": [],
            "admin_password": null,
            "admin_ssh_key": [
              {
                "public_key": "ssh-rsa AAAAB3NzaC1yc2EAAAADAQABAAACAQDAC4VH/hZEh5ZTK7VsArlokZ1WCN3chEai11jkWFiv3AbCQ/jKf3qdMGi9AYs2RWA66PoRFTB1ncHCw/c7IB2eErKFlKsnX0WR4Ki1RRpedUeqRNFC+/GHZcCdUz5T3Xwe/t6QFmrS0YflNizVjgn488UVci4L0U+ne/SXu0libmZWXqS4wTBs4/EnDfOp5kBXO/WZQ9JD9IwZbmXIVkq1Fh3GajtG4xoeaCvgXdSqUNwFT1cXoyqguN2wlfh3srkzA1Q1z45hWrvJwSHU61cN9+pZfkmVyT5tC7zpTpaW5rM/MxA00UklfoN6BsjAIqbXNDnZZv5VKUUVIC4wYE1YzwbNHI3qfSdXG2aF6/neRPd1AwUqPY1nh8AXXyhoJ+pj+1KhOMx1CIGzqswDIvWuG9qvlDNaR9uoLlMPO00C6m1dkTB0T+vfO1NPlvd7AmuYyuZ6nCOd5XWffljZiKeQ8CgZXLWkVqZh5KW2pfy1/0Bu1KFnJVOBi/6xAgl9xvRpdIZweAfbYskD7tcivxvg2CJY3q9+T2utegjt/wJmbPUl0Z1BSI9BagKKzBTCjzdUBbUw9THkt0gIggRUrGZa16jo8gVuAm8Hs+B8ah3XmN7Fp/VlvYHp6BhiYNvpLsLQRDfOTo599V8YHPvaG0ippUa6VCF6W05FFSC0g+52IQ== azureuser@myserver\n",
                "username": "adminrati"
              }
            ],
            "admin_username": "adminrati",
            "allow_extension_operations": true,
            "availability_set_id": "",
            "boot_diagnostics": [],
            "computer_name": "linuxvm1",
            "custom_data": "I2Nsb3VkLWNvbmZpZw0KcGFja2FnZV91cGdyYWRlOiBmYWxzZQ0KcGFja2FnZXM6DQogIC0gaHR0cGQNCndyaXRlX2ZpbGVzOg0KICAtIG93bmVyOiByb290OnJvb3QgDQogICAgcGF0aDogL3Zhci93d3cvaHRtbC9pbmRleC5odG1sDQogICAgY29udGVudDogfA0KICAgICAgPGgxPldlbGNvbWUgdG8gU3RhY2tTaW1wbGlmeSAtIEFQUC0xPC9oMT4NCiAgLSBvd25lcjogcm9vdDpyb290IA0KICAgIHBhdGg6IC92YXIvd3d3L2h0bWwvYXBwMS9pbmRleC5odG1sDQogICAgY29udGVudDogfA0KICAgICAgPCFET0NUWVBFIGh0bWw+IDxodG1sPiA8Ym9keSBzdHlsZT0iYmFja2dyb3VuZC1jb2xvcjpyZ2IoMjUwLCAyMTAsIDIxMCk7Ij4gPGgxPldlbGNvbWUgdG8gU3RhY2sgU2ltcGxpZnkgLSBBUFAtMTwvaDE+IDxwPlRlcnJhZm9ybSBEZW1vPC9wPiA8cD5BcHBsaWNhdGlvbiBWZXJzaW9uOiBWMTwvcD4gPC9ib2R5PjwvaHRtbD4gICAgICANCnJ1bmNtZDoNCiAgLSBzdWRvIHN5c3RlbWN0bCBzdGFydCBodHRwZCAgDQogIC0gc3VkbyBzeXN0ZW1jdGwgZW5hYmxlIGh0dHBkDQogIC0gc3VkbyBzeXN0ZW1jdGwgc3RvcCBmaXJld2FsbGQNCiAgLSBzdWRvIG1rZGlyIC92YXIvd3d3L2h0bWwvYXBwMSANCiAgLSBbc3VkbywgY3VybCwgLUgsICJNZXRhZGF0YTp0cnVlIiwgLS1ub3Byb3h5LCAiKiIsICJodHRwOi8vMTY5LjI1NC4xNjkuMjU0L21ldGFkYXRhL2luc3RhbmNlP2FwaS12ZXJzaW9uPTIwMjAtMDktMDEiLCAtbywgL3Zhci93d3cvaHRtbC9hcHAxL21ldGFkYXRhLmh0bWxdDQoNCg==",
            "dedicated_host_id": "",
            "disable_password_authentication": true,
            "encryption_at_host_enabled": false,
            "eviction_policy": "",
            "extensions_time_budget": "PT1H30M",
            "id": "/subscriptions/587e990d-875d-4a72-b66b-956b09a353a9/resourceGroups/Finance-Prod-RG/providers/Microsoft.Compute/virtualMachines/linuxvm1",
            "identity": [],
            "license_type": "",
            "location": "eastus2",
            "max_bid_price": -1,
            "name": "linuxvm1",
            "network_interface_ids": [
              "/subscriptions/587e990d-875d-4a72-b66b-956b09a353a9/resourceGroups/Finance-Prod-RG/providers/Microsoft.Network/networkInterfaces/webnic1"
            ],
            "os_disk": [
              {
                "caching": "ReadWrite",
                "diff_disk_settings": [],
                "disk_encryption_set_id": "",
                "disk_size_gb": 64,
                "name": "osdisk",
                "storage_account_type": "Standard_LRS",
                "write_accelerator_enabled": false
              }
            ],
            "plan": [],
            "platform_fault_domain": -1,
            "priority": "Regular",
            "private_ip_address": "99.0.1.4",
            "private_ip_addresses": [
              "99.0.1.4"
            ],
            "provision_vm_agent": true,
            "proximity_placement_group_id": "",
            "public_ip_address": "20.98.255.25",
            "public_ip_addresses": [
              "20.98.255.25"
            ],
            "resource_group_name": "Finance-Prod-RG",
            "secret": [],
            "size": "Standard_DS1_v2",
            "source_image_id": "",
            "source_image_reference": [
              {
                "offer": "RHEL",
                "publisher": "RedHat",
                "sku": "83-gen2",
                "version": "latest"
              }
            ],
            "tags": null,
            "timeouts": null,
            "virtual_machine_id": "0650e047-7ecd-411a-815d-bf0d8040601e",
            "virtual_machine_scale_set_id": "",
            "zone": ""
          },
          "sensitive_attributes": [],
          "private": "eyJlMmJmYjczMC1lY2FhLTExZTYtOGY4OC0zNDM2M2JjN2M0YzAiOnsiY3JlYXRlIjoyNzAwMDAwMDAwMDAwLCJkZWxldGUiOjI3MDAwMDAwMDAwMDAsInJlYWQiOjMwMDAwMDAwMDAwMCwidXBkYXRlIjoyNzAwMDAwMDAwMDAwfX0=",
          "dependencies": [
            "azurerm_network_interface.tfnic1",
            "azurerm_public_ip.tfpubip1",
            "azurerm_resource_group.tfrg",
            "azurerm_subnet.tfsubnet1",
            "azurerm_virtual_network.tfvnet"
          ]
        }
      ]
    },
    {
      "mode": "managed",
      "type": "azurerm_network_interface",
      "name": "tfnic1",
      "provider": "provider[\"registry.terraform.io/hashicorp/azurerm\"]",
      "instances": [
        {
          "schema_version": 0,
          "attributes": {
            "applied_dns_servers": [],
            "dns_servers": [],
            "enable_accelerated_networking": false,
            "enable_ip_forwarding": false,
            "id": "/subscriptions/587e990d-875d-4a72-b66b-956b09a353a9/resourceGroups/Finance-Prod-RG/providers/Microsoft.Network/networkInterfaces/webnic1",
            "internal_dns_name_label": "",
            "internal_domain_name_suffix": "3cegehx5awse5hnt215qcxctnh.cx.internal.cloudapp.net",
            "ip_configuration": [
              {
                "name": "internal",
                "primary": true,
                "private_ip_address": "99.0.1.4",
                "private_ip_address_allocation": "Dynamic",
                "private_ip_address_version": "IPv4",
                "public_ip_address_id": "/subscriptions/587e990d-875d-4a72-b66b-956b09a353a9/resourceGroups/Finance-Prod-RG/providers/Microsoft.Network/publicIPAddresses/webserver-pubip1",
                "subnet_id": "/subscriptions/587e990d-875d-4a72-b66b-956b09a353a9/resourceGroups/Finance-Prod-RG/providers/Microsoft.Network/virtualNetworks/Finance-Prod-vNet/subnets/WebServerSubnet"
              }
            ],
            "location": "eastus2",
            "mac_address": "",
            "name": "webnic1",
            "private_ip_address": "99.0.1.4",
            "private_ip_addresses": [
              "99.0.1.4"
            ],
            "resource_group_name": "Finance-Prod-RG",
            "tags": null,
            "timeouts": null,
            "virtual_machine_id": ""
          },
          "sensitive_attributes": [],
          "private": "eyJlMmJmYjczMC1lY2FhLTExZTYtOGY4OC0zNDM2M2JjN2M0YzAiOnsiY3JlYXRlIjoxODAwMDAwMDAwMDAwLCJkZWxldGUiOjE4MDAwMDAwMDAwMDAsInJlYWQiOjMwMDAwMDAwMDAwMCwidXBkYXRlIjoxODAwMDAwMDAwMDAwfX0=",
          "dependencies": [
            "azurerm_public_ip.tfpubip1",
            "azurerm_resource_group.tfrg",
            "azurerm_subnet.tfsubnet1",
            "azurerm_virtual_network.tfvnet"
          ]
        }
      ]
    },
    {
      "mode": "managed",
      "type": "azurerm_public_ip",
      "name": "tfpubip1",
      "provider": "provider[\"registry.terraform.io/hashicorp/azurerm\"]",
      "instances": [
        {
          "schema_version": 0,
          "attributes": {
            "allocation_method": "Dynamic",
            "availability_zone": "No-Zone",
            "domain_name_label": null,
            "fqdn": null,
            "id": "/subscriptions/587e990d-875d-4a72-b66b-956b09a353a9/resourceGroups/Finance-Prod-RG/providers/Microsoft.Network/publicIPAddresses/webserver-pubip1",
            "idle_timeout_in_minutes": 4,
            "ip_address": "",
            "ip_tags": null,
            "ip_version": "IPv4",
            "location": "eastus2",
            "name": "webserver-pubip1",
            "public_ip_prefix_id": null,
            "resource_group_name": "Finance-Prod-RG",
            "reverse_fqdn": null,
            "sku": "Basic",
            "sku_tier": "Regional",
            "tags": null,
            "timeouts": null,
            "zones": []
          },
          "sensitive_attributes": [],
          "private": "eyJlMmJmYjczMC1lY2FhLTExZTYtOGY4OC0zNDM2M2JjN2M0YzAiOnsiY3JlYXRlIjoxODAwMDAwMDAwMDAwLCJkZWxldGUiOjE4MDAwMDAwMDAwMDAsInJlYWQiOjMwMDAwMDAwMDAwMCwidXBkYXRlIjoxODAwMDAwMDAwMDAwfX0=",
          "dependencies": [
            "azurerm_resource_group.tfrg"
          ]
        }
      ]
    },
    {
      "mode": "managed",
      "type": "azurerm_resource_group",
      "name": "tfrg",
      "provider": "provider[\"registry.terraform.io/hashicorp/azurerm\"]",
      "instances": [
        {
          "schema_version": 0,
          "attributes": {
            "id": "/subscriptions/587e990d-875d-4a72-b66b-956b09a353a9/resourceGroups/Finance-Prod-RG",
            "location": "eastus2",
            "name": "Finance-Prod-RG",
            "tags": null,
            "timeouts": null
          },
          "sensitive_attributes": [],
          "private": "eyJlMmJmYjczMC1lY2FhLTExZTYtOGY4OC0zNDM2M2JjN2M0YzAiOnsiY3JlYXRlIjo1NDAwMDAwMDAwMDAwLCJkZWxldGUiOjU0MDAwMDAwMDAwMDAsInJlYWQiOjMwMDAwMDAwMDAwMCwidXBkYXRlIjo1NDAwMDAwMDAwMDAwfX0="
        }
      ]
    },
    {
      "mode": "managed",
      "type": "azurerm_storage_account",
      "name": "tfsa",
      "provider": "provider[\"registry.terraform.io/hashicorp/azurerm\"]",
      "instances": [
        {
          "schema_version": 2,
          "attributes": {
            "access_tier": "Hot",
            "account_kind": "StorageV2",
            "account_replication_type": "LRS",
            "account_tier": "Standard",
            "allow_blob_public_access": false,
            "azure_files_authentication": [],
            "blob_properties": [
              {
                "change_feed_enabled": false,
                "container_delete_retention_policy": [],
                "cors_rule": [],
                "default_service_version": "",
                "delete_retention_policy": [],
                "last_access_time_enabled": false,
                "versioning_enabled": false
              }
            ],
            "custom_domain": [],
            "enable_https_traffic_only": true,
            "id": "/subscriptions/587e990d-875d-4a72-b66b-956b09a353a9/resourceGroups/Finance-Prod-RG/providers/Microsoft.Storage/storageAccounts/satlxxffvvzw",
            "identity": [],
            "is_hns_enabled": false,
            "large_file_share_enabled": null,
            "location": "eastus2",
            "min_tls_version": "TLS1_0",
            "name": "satlxxffvvzw",
            "network_rules": [
              {
                "bypass": [
                  "AzureServices"
                ],
                "default_action": "Allow",
                "ip_rules": [],
                "private_link_access": [],
                "virtual_network_subnet_ids": []
              }
            ],
            "nfsv3_enabled": false,
            "primary_access_key": "qvR89wlr1BwQ0XHkd49YWTjK/+h+AxLGUMDnQnRTgrqIb7p4Jr8/2Uh+mVyBO+HD5+JulY8B5K6UUPJS2vk/tA==",
            "primary_blob_connection_string": "DefaultEndpointsProtocol=https;BlobEndpoint=https://satlxxffvvzw.blob.core.windows.net/;AccountName=satlxxffvvzw;AccountKey=qvR89wlr1BwQ0XHkd49YWTjK/+h+AxLGUMDnQnRTgrqIb7p4Jr8/2Uh+mVyBO+HD5+JulY8B5K6UUPJS2vk/tA==",
            "primary_blob_endpoint": "https://satlxxffvvzw.blob.core.windows.net/",
            "primary_blob_host": "satlxxffvvzw.blob.core.windows.net",
            "primary_connection_string": "DefaultEndpointsProtocol=https;AccountName=satlxxffvvzw;AccountKey=qvR89wlr1BwQ0XHkd49YWTjK/+h+AxLGUMDnQnRTgrqIb7p4Jr8/2Uh+mVyBO+HD5+JulY8B5K6UUPJS2vk/tA==;EndpointSuffix=core.windows.net",
            "primary_dfs_endpoint": "https://satlxxffvvzw.dfs.core.windows.net/",
            "primary_dfs_host": "satlxxffvvzw.dfs.core.windows.net",
            "primary_file_endpoint": "https://satlxxffvvzw.file.core.windows.net/",
            "primary_file_host": "satlxxffvvzw.file.core.windows.net",
            "primary_location": "eastus2",
            "primary_queue_endpoint": "https://satlxxffvvzw.queue.core.windows.net/",
            "primary_queue_host": "satlxxffvvzw.queue.core.windows.net",
            "primary_table_endpoint": "https://satlxxffvvzw.table.core.windows.net/",
            "primary_table_host": "satlxxffvvzw.table.core.windows.net",
            "primary_web_endpoint": "https://satlxxffvvzw.z20.web.core.windows.net/",
            "primary_web_host": "satlxxffvvzw.z20.web.core.windows.net",
            "queue_properties": [
              {
                "cors_rule": [],
                "hour_metrics": [
                  {
                    "enabled": true,
                    "include_apis": true,
                    "retention_policy_days": 7,
                    "version": "1.0"
                  }
                ],
                "logging": [
                  {
                    "delete": false,
                    "read": false,
                    "retention_policy_days": 0,
                    "version": "1.0",
                    "write": false
                  }
                ],
                "minute_metrics": [
                  {
                    "enabled": false,
                    "include_apis": false,
                    "retention_policy_days": 0,
                    "version": "1.0"
                  }
                ]
              }
            ],
            "resource_group_name": "Finance-Prod-RG",
            "routing": [],
            "secondary_access_key": "GsfknTgqdNqs/SQZKc8wkLyd2RGNZPbbop+qwkEVZrgjcwFYwUy9vtk7T8yQTrGeOA8VJtFDCzU8c8NiIHq9bg==",
            "secondary_blob_connection_string": "",
            "secondary_blob_endpoint": null,
            "secondary_blob_host": null,
            "secondary_connection_string": "DefaultEndpointsProtocol=https;AccountName=satlxxffvvzw;AccountKey=GsfknTgqdNqs/SQZKc8wkLyd2RGNZPbbop+qwkEVZrgjcwFYwUy9vtk7T8yQTrGeOA8VJtFDCzU8c8NiIHq9bg==;EndpointSuffix=core.windows.net",
            "secondary_dfs_endpoint": null,
            "secondary_dfs_host": null,
            "secondary_file_endpoint": null,
            "secondary_file_host": null,
            "secondary_location": "",
            "secondary_queue_endpoint": null,
            "secondary_queue_host": null,
            "secondary_table_endpoint": null,
            "secondary_table_host": null,
            "secondary_web_endpoint": null,
            "secondary_web_host": null,
            "share_properties": [
              {
                "cors_rule": [],
                "retention_policy": [
                  {
                    "days": 7
                  }
                ],
                "smb": []
              }
            ],
            "shared_access_key_enabled": true,
            "static_website": [],
            "tags": null,
            "timeouts": null
          },
          "sensitive_attributes": [],
          "private": "eyJlMmJmYjczMC1lY2FhLTExZTYtOGY4OC0zNDM2M2JjN2M0YzAiOnsiY3JlYXRlIjozNjAwMDAwMDAwMDAwLCJkZWxldGUiOjM2MDAwMDAwMDAwMDAsInJlYWQiOjMwMDAwMDAwMDAwMCwidXBkYXRlIjozNjAwMDAwMDAwMDAwfSwic2NoZW1hX3ZlcnNpb24iOiIyIn0=",
          "dependencies": [
            "azurerm_resource_group.tfrg",
            "random_string.tfrs"
          ]
        }
      ]
    },
    {
      "mode": "managed",
      "type": "azurerm_subnet",
      "name": "tfsubnet1",
      "provider": "provider[\"registry.terraform.io/hashicorp/azurerm\"]",
      "instances": [
        {
          "schema_version": 0,
          "attributes": {
            "address_prefix": "99.0.1.0/24",
            "address_prefixes": [
              "99.0.1.0/24"
            ],
            "delegation": [],
            "enforce_private_link_endpoint_network_policies": false,
            "enforce_private_link_service_network_policies": false,
            "id": "/subscriptions/587e990d-875d-4a72-b66b-956b09a353a9/resourceGroups/Finance-Prod-RG/providers/Microsoft.Network/virtualNetworks/Finance-Prod-vNet/subnets/WebServerSubnet",
            "name": "WebServerSubnet",
            "resource_group_name": "Finance-Prod-RG",
            "service_endpoint_policy_ids": null,
            "service_endpoints": null,
            "timeouts": null,
            "virtual_network_name": "Finance-Prod-vNet"
          },
          "sensitive_attributes": [],
          "private": "eyJlMmJmYjczMC1lY2FhLTExZTYtOGY4OC0zNDM2M2JjN2M0YzAiOnsiY3JlYXRlIjoxODAwMDAwMDAwMDAwLCJkZWxldGUiOjE4MDAwMDAwMDAwMDAsInJlYWQiOjMwMDAwMDAwMDAwMCwidXBkYXRlIjoxODAwMDAwMDAwMDAwfX0=",
          "dependencies": [
            "azurerm_resource_group.tfrg",
            "azurerm_virtual_network.tfvnet"
          ]
        }
      ]
    },
    {
      "mode": "managed",
      "type": "azurerm_subnet",
      "name": "tfsubnet2",
      "provider": "provider[\"registry.terraform.io/hashicorp/azurerm\"]",
      "instances": [
        {
          "schema_version": 0,
          "attributes": {
            "address_prefix": "99.0.2.0/24",
            "address_prefixes": [
              "99.0.2.0/24"
            ],
            "delegation": [],
            "enforce_private_link_endpoint_network_policies": false,
            "enforce_private_link_service_network_policies": false,
            "id": "/subscriptions/587e990d-875d-4a72-b66b-956b09a353a9/resourceGroups/Finance-Prod-RG/providers/Microsoft.Network/virtualNetworks/Finance-Prod-vNet/subnets/AppServerSubnet",
            "name": "AppServerSubnet",
            "resource_group_name": "Finance-Prod-RG",
            "service_endpoint_policy_ids": null,
            "service_endpoints": null,
            "timeouts": null,
            "virtual_network_name": "Finance-Prod-vNet"
          },
          "sensitive_attributes": [],
          "private": "eyJlMmJmYjczMC1lY2FhLTExZTYtOGY4OC0zNDM2M2JjN2M0YzAiOnsiY3JlYXRlIjoxODAwMDAwMDAwMDAwLCJkZWxldGUiOjE4MDAwMDAwMDAwMDAsInJlYWQiOjMwMDAwMDAwMDAwMCwidXBkYXRlIjoxODAwMDAwMDAwMDAwfX0=",
          "dependencies": [
            "azurerm_resource_group.tfrg",
            "azurerm_virtual_network.tfvnet"
          ]
        }
      ]
    },
    {
      "mode": "managed",
      "type": "azurerm_virtual_network",
      "name": "tfvnet",
      "provider": "provider[\"registry.terraform.io/hashicorp/azurerm\"]",
      "instances": [
        {
          "schema_version": 0,
          "attributes": {
            "address_space": [
              "99.0.0.0/16"
            ],
            "bgp_community": "",
            "ddos_protection_plan": [],
            "dns_servers": [],
            "guid": "1e6288e8-05ff-4fa4-9db3-e6ff015c536f",
            "id": "/subscriptions/587e990d-875d-4a72-b66b-956b09a353a9/resourceGroups/Finance-Prod-RG/providers/Microsoft.Network/virtualNetworks/Finance-Prod-vNet",
            "location": "eastus2",
            "name": "Finance-Prod-vNet",
            "resource_group_name": "Finance-Prod-RG",
            "subnet": [],
            "tags": null,
            "timeouts": null,
            "vm_protection_enabled": false
          },
          "sensitive_attributes": [],
          "private": "eyJlMmJmYjczMC1lY2FhLTExZTYtOGY4OC0zNDM2M2JjN2M0YzAiOnsiY3JlYXRlIjoxODAwMDAwMDAwMDAwLCJkZWxldGUiOjE4MDAwMDAwMDAwMDAsInJlYWQiOjMwMDAwMDAwMDAwMCwidXBkYXRlIjoxODAwMDAwMDAwMDAwfX0=",
          "dependencies": [
            "azurerm_resource_group.tfrg"
          ]
        }
      ]
    },
    {
      "mode": "managed",
      "type": "random_string",
      "name": "tfrs",
      "provider": "provider[\"registry.terraform.io/hashicorp/random\"]",
      "instances": [
        {
          "schema_version": 1,
          "attributes": {
            "id": "tlxxffvvzw",
            "keepers": null,
            "length": 10,
            "lower": true,
            "min_lower": 0,
            "min_numeric": 0,
            "min_special": 0,
            "min_upper": 0,
            "number": false,
            "override_special": null,
            "result": "tlxxffvvzw",
            "special": false,
            "upper": false
          },
          "sensitive_attributes": [],
          "private": "eyJzY2hlbWFfdmVyc2lvbiI6IjEifQ=="
        }
      ]
    }
  ]
}
