{
  "version": 4,
  "terraform_version": "1.0.7",
  "serial": 30,
  "lineage": "8dc31b1d-4d7e-8828-8a53-4658a9294ccc",
  "outputs": {},
  "resources": [
    {
      "mode": "managed",
      "type": "azurerm_network_interface",
      "name": "tfnic1",
      "provider": "provider[\"registry.terraform.io/hashicorp/azurerm\"]",
      "instances": [
        {
          "schema_version": 0,
          "attributes": {
            "applied_dns_servers": [],
            "dns_servers": [],
            "enable_accelerated_networking": false,
            "enable_ip_forwarding": false,
            "id": "/subscriptions/587e990d-875d-4a72-b66b-956b09a353a9/resourceGroups/Finance-Prod-RG/providers/Microsoft.Network/networkInterfaces/webnic1",
            "internal_dns_name_label": "",
            "internal_domain_name_suffix": "5tfl0pit5lculcvtu3gqkvl1ad.cx.internal.cloudapp.net",
            "ip_configuration": [
              {
                "name": "internal",
                "primary": true,
                "private_ip_address": "99.0.1.4",
                "private_ip_address_allocation": "Dynamic",
                "private_ip_address_version": "IPv4",
                "public_ip_address_id": "/subscriptions/587e990d-875d-4a72-b66b-956b09a353a9/resourceGroups/Finance-Prod-RG/providers/Microsoft.Network/publicIPAddresses/webserver-pubip1",
                "subnet_id": "/subscriptions/587e990d-875d-4a72-b66b-956b09a353a9/resourceGroups/Finance-Prod-RG/providers/Microsoft.Network/virtualNetworks/Finance-Prod-vNet/subnets/WebServerSubnet"
              }
            ],
            "location": "eastus2",
            "mac_address": "",
            "name": "webnic1",
            "private_ip_address": "99.0.1.4",
            "private_ip_addresses": [
              "99.0.1.4"
            ],
            "resource_group_name": "Finance-Prod-RG",
            "tags": null,
            "timeouts": null,
            "virtual_machine_id": ""
          },
          "sensitive_attributes": [],
          "private": "eyJlMmJmYjczMC1lY2FhLTExZTYtOGY4OC0zNDM2M2JjN2M0YzAiOnsiY3JlYXRlIjoxODAwMDAwMDAwMDAwLCJkZWxldGUiOjE4MDAwMDAwMDAwMDAsInJlYWQiOjMwMDAwMDAwMDAwMCwidXBkYXRlIjoxODAwMDAwMDAwMDAwfX0=",
          "dependencies": [
            "azurerm_public_ip.tfpubip1",
            "azurerm_resource_group.tfrg",
            "azurerm_subnet.tfsubnet1",
            "azurerm_virtual_network.tfvnet"
          ]
        }
      ]
    },
    {
      "mode": "managed",
      "type": "azurerm_public_ip",
      "name": "tfpubip1",
      "provider": "provider[\"registry.terraform.io/hashicorp/azurerm\"]",
      "instances": [
        {
          "schema_version": 0,
          "attributes": {
            "allocation_method": "Dynamic",
            "availability_zone": "No-Zone",
            "domain_name_label": null,
            "fqdn": null,
            "id": "/subscriptions/587e990d-875d-4a72-b66b-956b09a353a9/resourceGroups/Finance-Prod-RG/providers/Microsoft.Network/publicIPAddresses/webserver-pubip1",
            "idle_timeout_in_minutes": 4,
            "ip_address": "",
            "ip_tags": null,
            "ip_version": "IPv4",
            "location": "eastus2",
            "name": "webserver-pubip1",
            "public_ip_prefix_id": null,
            "resource_group_name": "Finance-Prod-RG",
            "reverse_fqdn": null,
            "sku": "Basic",
            "sku_tier": "Regional",
            "tags": null,
            "timeouts": null,
            "zones": []
          },
          "sensitive_attributes": [],
          "private": "eyJlMmJmYjczMC1lY2FhLTExZTYtOGY4OC0zNDM2M2JjN2M0YzAiOnsiY3JlYXRlIjoxODAwMDAwMDAwMDAwLCJkZWxldGUiOjE4MDAwMDAwMDAwMDAsInJlYWQiOjMwMDAwMDAwMDAwMCwidXBkYXRlIjoxODAwMDAwMDAwMDAwfX0=",
          "dependencies": [
            "azurerm_resource_group.tfrg"
          ]
        }
      ]
    },
    {
      "mode": "managed",
      "type": "azurerm_resource_group",
      "name": "tfrg",
      "provider": "provider[\"registry.terraform.io/hashicorp/azurerm\"]",
      "instances": [
        {
          "schema_version": 0,
          "attributes": {
            "id": "/subscriptions/587e990d-875d-4a72-b66b-956b09a353a9/resourceGroups/Finance-Prod-RG",
            "location": "eastus2",
            "name": "Finance-Prod-RG",
            "tags": null,
            "timeouts": null
          },
          "sensitive_attributes": [],
          "private": "eyJlMmJmYjczMC1lY2FhLTExZTYtOGY4OC0zNDM2M2JjN2M0YzAiOnsiY3JlYXRlIjo1NDAwMDAwMDAwMDAwLCJkZWxldGUiOjU0MDAwMDAwMDAwMDAsInJlYWQiOjMwMDAwMDAwMDAwMCwidXBkYXRlIjo1NDAwMDAwMDAwMDAwfX0="
        }
      ]
    },
    {
      "mode": "managed",
      "type": "azurerm_storage_account",
      "name": "tfsa",
      "provider": "provider[\"registry.terraform.io/hashicorp/azurerm\"]",
      "instances": [
        {
          "schema_version": 2,
          "attributes": {
            "access_tier": "Hot",
            "account_kind": "StorageV2",
            "account_replication_type": "LRS",
            "account_tier": "Standard",
            "allow_blob_public_access": false,
            "azure_files_authentication": [],
            "blob_properties": [
              {
                "change_feed_enabled": false,
                "container_delete_retention_policy": [],
                "cors_rule": [],
                "default_service_version": "",
                "delete_retention_policy": [],
                "last_access_time_enabled": false,
                "versioning_enabled": false
              }
            ],
            "custom_domain": [],
            "enable_https_traffic_only": true,
            "id": "/subscriptions/587e990d-875d-4a72-b66b-956b09a353a9/resourceGroups/Finance-Prod-RG/providers/Microsoft.Storage/storageAccounts/safqjpm5suke",
            "identity": [],
            "is_hns_enabled": false,
            "large_file_share_enabled": null,
            "location": "eastus2",
            "min_tls_version": "TLS1_0",
            "name": "safqjpm5suke",
            "network_rules": [
              {
                "bypass": [
                  "AzureServices"
                ],
                "default_action": "Allow",
                "ip_rules": [],
                "private_link_access": [],
                "virtual_network_subnet_ids": []
              }
            ],
            "nfsv3_enabled": false,
            "primary_access_key": "zgFDXDzeruIAuiQrdyQ0FVl2oSw4Lasiq+z0g9wlbX3lWWcnGel1/I8C+mwfqzTY+Ts+gh0MOpfxZiy/t6oDDQ==",
            "primary_blob_connection_string": "DefaultEndpointsProtocol=https;BlobEndpoint=https://safqjpm5suke.blob.core.windows.net/;AccountName=safqjpm5suke;AccountKey=zgFDXDzeruIAuiQrdyQ0FVl2oSw4Lasiq+z0g9wlbX3lWWcnGel1/I8C+mwfqzTY+Ts+gh0MOpfxZiy/t6oDDQ==",
            "primary_blob_endpoint": "https://safqjpm5suke.blob.core.windows.net/",
            "primary_blob_host": "safqjpm5suke.blob.core.windows.net",
            "primary_connection_string": "DefaultEndpointsProtocol=https;AccountName=safqjpm5suke;AccountKey=zgFDXDzeruIAuiQrdyQ0FVl2oSw4Lasiq+z0g9wlbX3lWWcnGel1/I8C+mwfqzTY+Ts+gh0MOpfxZiy/t6oDDQ==;EndpointSuffix=core.windows.net",
            "primary_dfs_endpoint": "https://safqjpm5suke.dfs.core.windows.net/",
            "primary_dfs_host": "safqjpm5suke.dfs.core.windows.net",
            "primary_file_endpoint": "https://safqjpm5suke.file.core.windows.net/",
            "primary_file_host": "safqjpm5suke.file.core.windows.net",
            "primary_location": "eastus2",
            "primary_queue_endpoint": "https://safqjpm5suke.queue.core.windows.net/",
            "primary_queue_host": "safqjpm5suke.queue.core.windows.net",
            "primary_table_endpoint": "https://safqjpm5suke.table.core.windows.net/",
            "primary_table_host": "safqjpm5suke.table.core.windows.net",
            "primary_web_endpoint": "https://safqjpm5suke.z20.web.core.windows.net/",
            "primary_web_host": "safqjpm5suke.z20.web.core.windows.net",
            "queue_properties": [
              {
                "cors_rule": [],
                "hour_metrics": [
                  {
                    "enabled": true,
                    "include_apis": true,
                    "retention_policy_days": 7,
                    "version": "1.0"
                  }
                ],
                "logging": [
                  {
                    "delete": false,
                    "read": false,
                    "retention_policy_days": 0,
                    "version": "1.0",
                    "write": false
                  }
                ],
                "minute_metrics": [
                  {
                    "enabled": false,
                    "include_apis": false,
                    "retention_policy_days": 0,
                    "version": "1.0"
                  }
                ]
              }
            ],
            "resource_group_name": "Finance-Prod-RG",
            "routing": [],
            "secondary_access_key": "ALeW38Y4vbeNNXJ7vTm0ID2KBDf+8BPYBX7mu5zJ55Jml6MHq0U+GRGiSRBf4VKRzbRIctXxeZ+CcqMj1Cur6Q==",
            "secondary_blob_connection_string": "",
            "secondary_blob_endpoint": null,
            "secondary_blob_host": null,
            "secondary_connection_string": "DefaultEndpointsProtocol=https;AccountName=safqjpm5suke;AccountKey=ALeW38Y4vbeNNXJ7vTm0ID2KBDf+8BPYBX7mu5zJ55Jml6MHq0U+GRGiSRBf4VKRzbRIctXxeZ+CcqMj1Cur6Q==;EndpointSuffix=core.windows.net",
            "secondary_dfs_endpoint": null,
            "secondary_dfs_host": null,
            "secondary_file_endpoint": null,
            "secondary_file_host": null,
            "secondary_location": "",
            "secondary_queue_endpoint": null,
            "secondary_queue_host": null,
            "secondary_table_endpoint": null,
            "secondary_table_host": null,
            "secondary_web_endpoint": null,
            "secondary_web_host": null,
            "share_properties": [
              {
                "cors_rule": [],
                "retention_policy": [
                  {
                    "days": 7
                  }
                ],
                "smb": []
              }
            ],
            "shared_access_key_enabled": true,
            "static_website": [],
            "tags": null,
            "timeouts": null
          },
          "sensitive_attributes": [],
          "private": "eyJlMmJmYjczMC1lY2FhLTExZTYtOGY4OC0zNDM2M2JjN2M0YzAiOnsiY3JlYXRlIjozNjAwMDAwMDAwMDAwLCJkZWxldGUiOjM2MDAwMDAwMDAwMDAsInJlYWQiOjMwMDAwMDAwMDAwMCwidXBkYXRlIjozNjAwMDAwMDAwMDAwfSwic2NoZW1hX3ZlcnNpb24iOiIyIn0=",
          "dependencies": [
            "azurerm_resource_group.tfrg",
            "random_string.tfrs"
          ]
        }
      ]
    },
    {
      "mode": "managed",
      "type": "azurerm_subnet",
      "name": "tfsubnet1",
      "provider": "provider[\"registry.terraform.io/hashicorp/azurerm\"]",
      "instances": [
        {
          "schema_version": 0,
          "attributes": {
            "address_prefix": "99.0.1.0/24",
            "address_prefixes": [
              "99.0.1.0/24"
            ],
            "delegation": [],
            "enforce_private_link_endpoint_network_policies": false,
            "enforce_private_link_service_network_policies": false,
            "id": "/subscriptions/587e990d-875d-4a72-b66b-956b09a353a9/resourceGroups/Finance-Prod-RG/providers/Microsoft.Network/virtualNetworks/Finance-Prod-vNet/subnets/WebServerSubnet",
            "name": "WebServerSubnet",
            "resource_group_name": "Finance-Prod-RG",
            "service_endpoint_policy_ids": null,
            "service_endpoints": null,
            "timeouts": null,
            "virtual_network_name": "Finance-Prod-vNet"
          },
          "sensitive_attributes": [],
          "private": "eyJlMmJmYjczMC1lY2FhLTExZTYtOGY4OC0zNDM2M2JjN2M0YzAiOnsiY3JlYXRlIjoxODAwMDAwMDAwMDAwLCJkZWxldGUiOjE4MDAwMDAwMDAwMDAsInJlYWQiOjMwMDAwMDAwMDAwMCwidXBkYXRlIjoxODAwMDAwMDAwMDAwfX0=",
          "dependencies": [
            "azurerm_resource_group.tfrg",
            "azurerm_virtual_network.tfvnet"
          ]
        }
      ]
    },
    {
      "mode": "managed",
      "type": "azurerm_subnet",
      "name": "tfsubnet2",
      "provider": "provider[\"registry.terraform.io/hashicorp/azurerm\"]",
      "instances": [
        {
          "schema_version": 0,
          "attributes": {
            "address_prefix": "99.0.2.0/24",
            "address_prefixes": [
              "99.0.2.0/24"
            ],
            "delegation": [],
            "enforce_private_link_endpoint_network_policies": false,
            "enforce_private_link_service_network_policies": false,
            "id": "/subscriptions/587e990d-875d-4a72-b66b-956b09a353a9/resourceGroups/Finance-Prod-RG/providers/Microsoft.Network/virtualNetworks/Finance-Prod-vNet/subnets/AppServerSubnet",
            "name": "AppServerSubnet",
            "resource_group_name": "Finance-Prod-RG",
            "service_endpoint_policy_ids": null,
            "service_endpoints": null,
            "timeouts": null,
            "virtual_network_name": "Finance-Prod-vNet"
          },
          "sensitive_attributes": [],
          "private": "eyJlMmJmYjczMC1lY2FhLTExZTYtOGY4OC0zNDM2M2JjN2M0YzAiOnsiY3JlYXRlIjoxODAwMDAwMDAwMDAwLCJkZWxldGUiOjE4MDAwMDAwMDAwMDAsInJlYWQiOjMwMDAwMDAwMDAwMCwidXBkYXRlIjoxODAwMDAwMDAwMDAwfX0=",
          "dependencies": [
            "azurerm_resource_group.tfrg",
            "azurerm_virtual_network.tfvnet"
          ]
        }
      ]
    },
    {
      "mode": "managed",
      "type": "azurerm_virtual_network",
      "name": "tfvnet",
      "provider": "provider[\"registry.terraform.io/hashicorp/azurerm\"]",
      "instances": [
        {
          "schema_version": 0,
          "attributes": {
            "address_space": [
              "99.0.0.0/16"
            ],
            "bgp_community": "",
            "ddos_protection_plan": [],
            "dns_servers": [],
            "guid": "3dbdcafc-fa13-45c5-8ab3-a74d05557b03",
            "id": "/subscriptions/587e990d-875d-4a72-b66b-956b09a353a9/resourceGroups/Finance-Prod-RG/providers/Microsoft.Network/virtualNetworks/Finance-Prod-vNet",
            "location": "eastus2",
            "name": "Finance-Prod-vNet",
            "resource_group_name": "Finance-Prod-RG",
            "subnet": [],
            "tags": null,
            "timeouts": null,
            "vm_protection_enabled": false
          },
          "sensitive_attributes": [],
          "private": "eyJlMmJmYjczMC1lY2FhLTExZTYtOGY4OC0zNDM2M2JjN2M0YzAiOnsiY3JlYXRlIjoxODAwMDAwMDAwMDAwLCJkZWxldGUiOjE4MDAwMDAwMDAwMDAsInJlYWQiOjMwMDAwMDAwMDAwMCwidXBkYXRlIjoxODAwMDAwMDAwMDAwfX0=",
          "dependencies": [
            "azurerm_resource_group.tfrg"
          ]
        }
      ]
    },
    {
      "mode": "managed",
      "type": "random_string",
      "name": "tfrs",
      "provider": "provider[\"registry.terraform.io/hashicorp/random\"]",
      "instances": [
        {
          "schema_version": 1,
          "attributes": {
            "id": "fqjpm5suke",
            "keepers": null,
            "length": 10,
            "lower": true,
            "min_lower": 0,
            "min_numeric": 0,
            "min_special": 0,
            "min_upper": 0,
            "number": true,
            "override_special": null,
            "result": "fqjpm5suke",
            "special": false,
            "upper": false
          },
          "sensitive_attributes": [],
          "private": "eyJzY2hlbWFfdmVyc2lvbiI6IjEifQ=="
        }
      ]
    }
  ]
}
